{
  "version": 4,
  "terraform_version": "1.6.4",
  "serial": 21,
  "lineage": "ffbb6f8e-0f0a-9c37-25c9-8b9e810295aa",
  "outputs": {},
  "resources": [
    {
      "mode": "managed",
      "type": "github_repository",
      "name": "terraform-github-repository",
      "provider": "provider[\"registry.terraform.io/hashicorp/github\"]",
      "instances": [
        {
          "schema_version": 1,
          "attributes": {
            "allow_auto_merge": false,
            "allow_merge_commit": true,
            "allow_rebase_merge": true,
            "allow_squash_merge": true,
            "allow_update_branch": false,
            "archive_on_destroy": null,
            "archived": false,
            "auto_init": true,
            "default_branch": "main",
            "delete_branch_on_merge": false,
            "description": "This is the first repository created using Terraform",
            "etag": "W/\"e3015049734b17f2a266b60cf5f7318a19c452025185ae62511101f29e0ccfba\"",
            "full_name": "yugyogeshpawar/first-repo-using-terraform-github-repository",
            "git_clone_url": "git://github.com/yugyogeshpawar/first-repo-using-terraform-github-repository.git",
            "gitignore_template": null,
            "has_discussions": false,
            "has_downloads": false,
            "has_issues": false,
            "has_projects": false,
            "has_wiki": false,
            "homepage_url": "",
            "html_url": "https://github.com/yugyogeshpawar/first-repo-using-terraform-github-repository",
            "http_clone_url": "https://github.com/yugyogeshpawar/first-repo-using-terraform-github-repository.git",
            "id": "first-repo-using-terraform-github-repository",
            "ignore_vulnerability_alerts_during_read": null,
            "is_template": false,
            "license_template": null,
            "merge_commit_message": "PR_TITLE",
            "merge_commit_title": "MERGE_MESSAGE",
            "name": "first-repo-using-terraform-github-repository",
            "node_id": "R_kgDOKyu7xw",
            "pages": [],
            "primary_language": "",
            "private": false,
            "repo_id": 724286407,
            "security_and_analysis": [
              {
                "advanced_security": [],
                "secret_scanning": [
                  {
                    "status": "disabled"
                  }
                ],
                "secret_scanning_push_protection": [
                  {
                    "status": "disabled"
                  }
                ]
              }
            ],
            "squash_merge_commit_message": "COMMIT_MESSAGES",
            "squash_merge_commit_title": "COMMIT_OR_PR_TITLE",
            "ssh_clone_url": "git@github.com:yugyogeshpawar/first-repo-using-terraform-github-repository.git",
            "svn_url": "https://github.com/yugyogeshpawar/first-repo-using-terraform-github-repository",
            "template": [],
            "topics": [],
            "visibility": "public",
            "vulnerability_alerts": false
          },
          "sensitive_attributes": [],
          "private": "eyJzY2hlbWFfdmVyc2lvbiI6IjEifQ=="
        }
      ]
    }
  ],
  "check_results": null
}
